
Microsoft Visual Studio Solution File, Format Version 12.00
# Visual Studio Version 16
VisualStudioVersion = 16.0.30128.74
MinimumVisualStudioVersion = 10.0.40219.1
Project("{FAE04EC0-301F-11D3-BF4B-00C04F79EFBC}") = "Codility07.1", "Codility07.1\Codility07.1.csproj", "{808E0639-FB7B-426A-A140-5E5CC2CF21A2}"
EndProject
Global
	GlobalSection(SolutionConfigurationPlatforms) = preSolution
		Debug|Any CPU = Debug|Any CPU
		Release|Any CPU = Release|Any CPU
	EndGlobalSection
	GlobalSection(ProjectConfigurationPlatforms) = postSolution
		{808E0639-FB7B-426A-A140-5E5CC2CF21A2}.Debug|Any CPU.ActiveCfg = Debug|Any CPU
		{808E0639-FB7B-426A-A140-5E5CC2CF21A2}.Debug|Any CPU.Build.0 = Debug|Any CPU
		{808E0639-FB7B-426A-A140-5E5CC2CF21A2}.Release|Any CPU.ActiveCfg = Release|Any CPU
		{808E0639-FB7B-426A-A140-5E5CC2CF21A2}.Release|Any CPU.Build.0 = Release|Any CPU
	EndGlobalSection
	GlobalSection(SolutionProperties) = preSolution
		HideSolutionNode = FALSE
	EndGlobalSection
	GlobalSection(ExtensibilityGlobals) = postSolution
		SolutionGuid = {17AB5506-B17C-4FA3-B0D8-37A89454F505}
	EndGlobalSection
EndGlobal
